
Microsoft Visual Studio Solution File, Format Version 12.00
# Visual Studio Version 16
VisualStudioVersion = 16.0.30114.105
MinimumVisualStudioVersion = 10.0.40219.1
Project("{FAE04EC0-301F-11D3-BF4B-00C04F79EFBC}") = "AttAvaliativa_Heranca", "AttAvaliativa_Heranca.csproj", "{05FD2F29-3EA4-48AD-9FEC-38F52C88EBC2}"
EndProject
Global
	GlobalSection(SolutionConfigurationPlatforms) = preSolution
		Debug|Any CPU = Debug|Any CPU
		Release|Any CPU = Release|Any CPU
	EndGlobalSection
	GlobalSection(ProjectConfigurationPlatforms) = postSolution
		{05FD2F29-3EA4-48AD-9FEC-38F52C88EBC2}.Debug|Any CPU.ActiveCfg = Debug|Any CPU
		{05FD2F29-3EA4-48AD-9FEC-38F52C88EBC2}.Debug|Any CPU.Build.0 = Debug|Any CPU
		{05FD2F29-3EA4-48AD-9FEC-38F52C88EBC2}.Release|Any CPU.ActiveCfg = Release|Any CPU
		{05FD2F29-3EA4-48AD-9FEC-38F52C88EBC2}.Release|Any CPU.Build.0 = Release|Any CPU
	EndGlobalSection
	GlobalSection(SolutionProperties) = preSolution
		HideSolutionNode = FALSE
	EndGlobalSection
	GlobalSection(ExtensibilityGlobals) = postSolution
		SolutionGuid = {8441686A-66BC-44C2-A286-B66D0808031F}
	EndGlobalSection
EndGlobal
